#
# This file is autogenerated by pip-compile with Python 3.11
# by the following command:
#
#    pip-compile --index-url https://pypi.org/simple --extra torch -o constraints/multibackend/torch-cu124-py311.lock pyproject.toml constraints/multibackend/torch-cu124-py311.in
#
asttokens==3.0.2
    # via stack-data
executing==2.2.1
    # via stack-data
filelock==4.0.0
    # via
    #   torch
    #   triton
fsspec==2026.7.0
    # via torch
h5py==3.16.0
    # via renormalizer (pyproject.toml)
ipython==9.17.1
    # via print-tree2
ipython-pygments-lexers==1.1.1
    # via ipython
jedi==0.20.0
    # via ipython
jinja2==3.1.6
    # via torch
markupsafe==3.0.3
    # via jinja2
matplotlib-inline==0.2.2
    # via ipython
mpmath==1.3.0
    # via sympy
networkx==3.6.1
    # via torch
numpy==2.4.6
    # via
    #   h5py
    #   qutip
    #   renormalizer (pyproject.toml)
    #   scipy
nvidia-cublas-cu12==12.4.5.8
    # via
    #   nvidia-cudnn-cu12
    #   nvidia-cusolver-cu12
    #   torch
nvidia-cuda-cupti-cu12==12.4.127
    # via torch
nvidia-cuda-nvrtc-cu12==12.4.127
    # via torch
nvidia-cuda-runtime-cu12==12.4.127
    # via torch
nvidia-cudnn-cu12==9.1.0.70
    # via torch
nvidia-cufft-cu12==11.2.1.3
    # via torch
nvidia-curand-cu12==10.3.5.147
    # via torch
nvidia-cusolver-cu12==11.6.1.9
    # via torch
nvidia-cusparse-cu12==12.3.1.170
    # via
    #   nvidia-cusolver-cu12
    #   torch
nvidia-nccl-cu12==2.21.5
    # via torch
nvidia-nvjitlink-cu12==12.4.127
    # via
    #   nvidia-cusolver-cu12
    #   nvidia-cusparse-cu12
    #   torch
nvidia-nvtx-cu12==12.4.127
    # via torch
opt-einsum==3.4.0
    # via renormalizer (pyproject.toml)
packaging==26.3
    # via qutip
parso==0.8.7
    # via jedi
pexpect==4.9.0
    # via ipython
print-tree2==0.9.10
    # via renormalizer (pyproject.toml)
prompt-toolkit==3.0.53
    # via ipython
psutil==7.2.2
    # via ipython
ptyprocess==0.7.0
    # via pexpect
pure-eval==0.2.4
    # via stack-data
pygments==2.21.0
    # via
    #   ipython
    #   ipython-pygments-lexers
pyyaml==6.0.3
    # via renormalizer (pyproject.toml)
qutip==5.3.1
    # via renormalizer (pyproject.toml)
scipy==1.17.1
    # via
    #   qutip
    #   renormalizer (pyproject.toml)
stack-data==0.6.3
    # via ipython
sympy==1.13.1
    # via
    #   renormalizer (pyproject.toml)
    #   torch
torch @ https://download.pytorch.org/whl/cu124/torch-2.5.1%2Bcu124-cp311-cp311-linux_x86_64.whl#sha256=6b2966ede9affe2fd69e0765691ca723ec870e0c34c7761f4d5b8e318383fdaf
    # via
    #   -r constraints/multibackend/torch-cu124-py311.in
    #   renormalizer (pyproject.toml)
traitlets==5.16.1
    # via
    #   ipython
    #   matplotlib-inline
triton==3.1.0
    # via torch
typing-extensions==4.16.0
    # via
    #   ipython
    #   torch
wcwidth==0.8.4
    # via prompt-toolkit
